# This file is automatically @generated by Cargo.
# It is not intended for manual editing.
[[package]]
name = "aho-corasick"
version = "0.7.10"
source = "registry+https://github.com/rust-lang/crates.io-index"
checksum = "8716408b8bc624ed7f65d223ddb9ac2d044c0547b6fa4b0d554f3a9540496ada"
dependencies = [
 "memchr",
]

[[package]]
name = "autocfg"
version = "1.0.0"
source = "registry+https://github.com/rust-lang/crates.io-index"
checksum = "f8aac770f1885fd7e387acedd76065302551364496e46b3dd00860b2f8359b9d"

[[package]]
name = "bindgen"
version = "0.51.1"
source = "registry+https://github.com/rust-lang/crates.io-index"
checksum = "ebd71393f1ec0509b553aa012b9b58e81dadbdff7130bd3b8cba576e69b32f75"
dependencies = [
 "bitflags",
 "cexpr",
 "cfg-if",
 "clang-sys",
 "lazy_static",
 "peeking_take_while",
 "proc-macro2",
 "quote",
 "regex",
 "rustc-hash",
 "shlex",
]

[[package]]
name = "bitflags"
version = "1.2.1"
source = "registry+https://github.com/rust-lang/crates.io-index"
checksum = "cf1de2fe8c75bc145a2f577add951f8134889b4795d47466a54a5c846d691693"

[[package]]
name = "cc"
version = "1.0.52"
source = "registry+https://github.com/rust-lang/crates.io-index"
checksum = "c3d87b23d6a92cd03af510a5ade527033f6aa6fa92161e2d5863a907d4c5e31d"

[[package]]
name = "cexpr"
version = "0.3.6"
source = "registry+https://github.com/rust-lang/crates.io-index"
checksum = "fce5b5fb86b0c57c20c834c1b412fd09c77c8a59b9473f86272709e78874cd1d"
dependencies = [
 "nom",
]

[[package]]
name = "cfg-if"
version = "0.1.10"
source = "registry+https://github.com/rust-lang/crates.io-index"
checksum = "4785bdd1c96b2a846b2bd7cc02e86b6b3dbf14e7e53446c4f54c92a361040822"

[[package]]
name = "clang-sys"
version = "0.28.1"
source = "registry+https://github.com/rust-lang/crates.io-index"
checksum = "81de550971c976f176130da4b2978d3b524eaa0fd9ac31f3ceb5ae1231fb4853"
dependencies = [
 "glob",
 "libc",
 "libloading",
]

[[package]]
name = "cmake"
version = "0.1.42"
source = "registry+https://github.com/rust-lang/crates.io-index"
checksum = "81fb25b677f8bf1eb325017cb6bb8452f87969db0fedb4f757b297bee78a7c62"
dependencies = [
 "cc",
]

[[package]]
name = "crossbeam-utils"
version = "0.7.2"
source = "registry+https://github.com/rust-lang/crates.io-index"
checksum = "c3c7c73a2d1e9fc0886a08b93e98eb643461230d5f1925e4036204d5f2e261a8"
dependencies = [
 "autocfg",
 "cfg-if",
 "lazy_static",
]

[[package]]
name = "futures"
version = "0.1.29"
source = "registry+https://github.com/rust-lang/crates.io-index"
checksum = "1b980f2816d6ee8673b6517b52cb0e808a180efc92e5c19d02cdda79066703ef"

[[package]]
name = "futures"
version = "0.3.4"
source = "registry+https://github.com/rust-lang/crates.io-index"
checksum = "5c329ae8753502fb44ae4fc2b622fa2a94652c41e795143765ba0927f92ab780"
dependencies = [
 "futures-channel",
 "futures-core",
 "futures-executor",
 "futures-io",
 "futures-sink",
 "futures-task",
 "futures-util",
]

[[package]]
name = "futures-channel"
version = "0.3.4"
source = "registry+https://github.com/rust-lang/crates.io-index"
checksum = "f0c77d04ce8edd9cb903932b608268b3fffec4163dc053b3b402bf47eac1f1a8"
dependencies = [
 "futures-core",
 "futures-sink",
]

[[package]]
name = "futures-core"
version = "0.3.4"
source = "registry+https://github.com/rust-lang/crates.io-index"
checksum = "f25592f769825e89b92358db00d26f965761e094951ac44d3663ef25b7ac464a"

[[package]]
name = "futures-executor"
version = "0.3.4"
source = "registry+https://github.com/rust-lang/crates.io-index"
checksum = "f674f3e1bcb15b37284a90cedf55afdba482ab061c407a9c0ebbd0f3109741ba"
dependencies = [
 "futures-core",
 "futures-task",
 "futures-util",
]

[[package]]
name = "futures-io"
version = "0.3.4"
source = "registry+https://github.com/rust-lang/crates.io-index"
checksum = "a638959aa96152c7a4cddf50fcb1e3fede0583b27157c26e67d6f99904090dc6"

[[package]]
name = "futures-locks"
version = "0.5.0"
source = "registry+https://github.com/rust-lang/crates.io-index"
checksum = "e4297dd1d9d6268237e4f93aeb9c90fc1bf0d8cec7e1cef22798939e4c43a251"
dependencies = [
 "futures 0.1.29",
 "tokio-current-thread",
 "tokio-executor",
]

[[package]]
name = "futures-macro"
version = "0.3.4"
source = "registry+https://github.com/rust-lang/crates.io-index"
checksum = "9a5081aa3de1f7542a794a397cde100ed903b0630152d0973479018fd85423a7"
dependencies = [
 "proc-macro-hack",
 "proc-macro2",
 "quote",
 "syn",
]

[[package]]
name = "futures-sink"
version = "0.3.4"
source = "registry+https://github.com/rust-lang/crates.io-index"
checksum = "3466821b4bc114d95b087b850a724c6f83115e929bc88f1fa98a3304a944c8a6"

[[package]]
name = "futures-task"
version = "0.3.4"
source = "registry+https://github.com/rust-lang/crates.io-index"
checksum = "7b0a34e53cf6cdcd0178aa573aed466b646eb3db769570841fda0c7ede375a27"

[[package]]
name = "futures-util"
version = "0.3.4"
source = "registry+https://github.com/rust-lang/crates.io-index"
checksum = "22766cf25d64306bedf0384da004d05c9974ab104fcc4528f1236181c18004c5"
dependencies = [
 "futures 0.1.29",
 "futures-channel",
 "futures-core",
 "futures-io",
 "futures-macro",
 "futures-sink",
 "futures-task",
 "memchr",
 "pin-utils",
 "proc-macro-hack",
 "proc-macro-nested",
 "slab",
]

[[package]]
name = "glob"
version = "0.3.0"
source = "registry+https://github.com/rust-lang/crates.io-index"
checksum = "9b919933a397b79c37e33b77bb2aa3dc8eb6e165ad809e58ff75bc7db2e34574"

[[package]]
name = "grpcio"
version = "0.5.1"
source = "registry+https://github.com/rust-lang/crates.io-index"
checksum = "a779eb8dc982fa4a552eb21e2962b2d927ea9037cb21be8645034c9e79ee4a29"
dependencies = [
 "futures 0.1.29",
 "grpcio-sys",
 "libc",
 "log",
 "protobuf",
]

[[package]]
name = "grpcio-sys"
version = "0.5.2"
source = "registry+https://github.com/rust-lang/crates.io-index"
checksum = "1b3080bdcfde08451cc7994f0b7c0c71c638629f8fb0049217af76a69d0742c3"
dependencies = [
 "bindgen",
 "cc",
 "cmake",
 "libc",
 "libz-sys",
 "pkg-config",
 "walkdir",
]

[[package]]
name = "lazy_static"
version = "1.4.0"
source = "registry+https://github.com/rust-lang/crates.io-index"
checksum = "e2abad23fbc42b3700f2f279844dc832adb2b2eb069b2df918f455c4e18cc646"

[[package]]
name = "libc"
version = "0.2.69"
source = "registry+https://github.com/rust-lang/crates.io-index"
checksum = "99e85c08494b21a9054e7fe1374a732aeadaff3980b6990b94bfd3a70f690005"

[[package]]
name = "libloading"
version = "0.5.2"
source = "registry+https://github.com/rust-lang/crates.io-index"
checksum = "f2b111a074963af1d37a139918ac6d49ad1d0d5e47f72fd55388619691a7d753"
dependencies = [
 "cc",
 "winapi",
]

[[package]]
name = "libz-sys"
version = "1.0.25"
source = "registry+https://github.com/rust-lang/crates.io-index"
checksum = "2eb5e43362e38e2bca2fd5f5134c4d4564a23a5c28e9b95411652021a8675ebe"
dependencies = [
 "cc",
 "libc",
 "pkg-config",
 "vcpkg",
]

[[package]]
name = "log"
version = "0.4.8"
source = "registry+https://github.com/rust-lang/crates.io-index"
checksum = "14b6052be84e6b71ab17edffc2eeabf5c2c3ae1fdb464aae35ac50c67a44e1f7"
dependencies = [
 "cfg-if",
]

[[package]]
name = "memchr"
version = "2.3.3"
source = "registry+https://github.com/rust-lang/crates.io-index"
checksum = "3728d817d99e5ac407411fa471ff9800a778d88a24685968b36824eaf4bee400"

[[package]]
name = "mini-kv"
version = "0.1.0"
dependencies = [
 "futures 0.1.29",
 "futures 0.3.4",
 "futures-locks",
 "grpcio",
 "rpc",
]

[[package]]
name = "nom"
version = "4.2.3"
source = "registry+https://github.com/rust-lang/crates.io-index"
checksum = "2ad2a91a8e869eeb30b9cb3119ae87773a8f4ae617f41b1eb9c154b2905f7bd6"
dependencies = [
 "memchr",
 "version_check",
]

[[package]]
name = "peeking_take_while"
version = "0.1.2"
source = "registry+https://github.com/rust-lang/crates.io-index"
checksum = "19b17cddbe7ec3f8bc800887bab5e717348c95ea2ca0b1bf0837fb964dc67099"

[[package]]
name = "pin-utils"
version = "0.1.0"
source = "registry+https://github.com/rust-lang/crates.io-index"
checksum = "8b870d8c151b6f2fb93e84a13146138f05d02ed11c7e7c54f8826aaaf7c9f184"

[[package]]
name = "pkg-config"
version = "0.3.17"
source = "registry+https://github.com/rust-lang/crates.io-index"
checksum = "05da548ad6865900e60eaba7f589cc0783590a92e940c26953ff81ddbab2d677"

[[package]]
name = "proc-macro-hack"
version = "0.5.15"
source = "registry+https://github.com/rust-lang/crates.io-index"
checksum = "0d659fe7c6d27f25e9d80a1a094c223f5246f6a6596453e09d7229bf42750b63"

[[package]]
name = "proc-macro-nested"
version = "0.1.4"
source = "registry+https://github.com/rust-lang/crates.io-index"
checksum = "8e946095f9d3ed29ec38de908c22f95d9ac008e424c7bcae54c75a79c527c694"

[[package]]
name = "proc-macro2"
version = "1.0.10"
source = "registry+https://github.com/rust-lang/crates.io-index"
checksum = "df246d292ff63439fea9bc8c0a270bed0e390d5ebd4db4ba15aba81111b5abe3"
dependencies = [
 "unicode-xid",
]

[[package]]
name = "protobuf"
version = "2.14.0"
source = "registry+https://github.com/rust-lang/crates.io-index"
checksum = "8e86d370532557ae7573551a1ec8235a0f8d6cb276c7c9e6aa490b511c447485"

[[package]]
name = "quote"
version = "1.0.3"
source = "registry+https://github.com/rust-lang/crates.io-index"
checksum = "2bdc6c187c65bca4260c9011c9e3132efe4909da44726bad24cf7572ae338d7f"
dependencies = [
 "proc-macro2",
]

[[package]]
name = "regex"
version = "1.3.7"
source = "registry+https://github.com/rust-lang/crates.io-index"
checksum = "a6020f034922e3194c711b82a627453881bc4682166cabb07134a10c26ba7692"
dependencies = [
 "aho-corasick",
 "memchr",
 "regex-syntax",
 "thread_local",
]

[[package]]
name = "regex-syntax"
version = "0.6.17"
source = "registry+https://github.com/rust-lang/crates.io-index"
checksum = "7fe5bd57d1d7414c6b5ed48563a2c855d995ff777729dcd91c369ec7fea395ae"

[[package]]
name = "rpc"
version = "0.1.0"
dependencies = [
 "grpcio",
 "protobuf",
]

[[package]]
name = "rustc-hash"
version = "1.1.0"
source = "registry+https://github.com/rust-lang/crates.io-index"
checksum = "08d43f7aa6b08d49f382cde6a7982047c3426db949b1424bc4b7ec9ae12c6ce2"

[[package]]
name = "same-file"
version = "1.0.6"
source = "registry+https://github.com/rust-lang/crates.io-index"
checksum = "93fc1dc3aaa9bfed95e02e6eadabb4baf7e3078b0bd1b4d7b6b0b68378900502"
dependencies = [
 "winapi-util",
]

[[package]]
name = "shlex"
version = "0.1.1"
source = "registry+https://github.com/rust-lang/crates.io-index"
checksum = "7fdf1b9db47230893d76faad238fd6097fd6d6a9245cd7a4d90dbd639536bbd2"

[[package]]
name = "slab"
version = "0.4.2"
source = "registry+https://github.com/rust-lang/crates.io-index"
checksum = "c111b5bd5695e56cffe5129854aa230b39c93a305372fdbb2668ca2394eea9f8"

[[package]]
name = "syn"
version = "1.0.18"
source = "registry+https://github.com/rust-lang/crates.io-index"
checksum = "410a7488c0a728c7ceb4ad59b9567eb4053d02e8cc7f5c0e0eeeb39518369213"
dependencies = [
 "proc-macro2",
 "quote",
 "unicode-xid",
]

[[package]]
name = "thread_local"
version = "1.0.1"
source = "registry+https://github.com/rust-lang/crates.io-index"
checksum = "d40c6d1b69745a6ec6fb1ca717914848da4b44ae29d9b3080cbee91d72a69b14"
dependencies = [
 "lazy_static",
]

[[package]]
name = "tokio-current-thread"
version = "0.1.7"
source = "registry+https://github.com/rust-lang/crates.io-index"
checksum = "b1de0e32a83f131e002238d7ccde18211c0a5397f60cbfffcb112868c2e0e20e"
dependencies = [
 "futures 0.1.29",
 "tokio-executor",
]

[[package]]
name = "tokio-executor"
version = "0.1.10"
source = "registry+https://github.com/rust-lang/crates.io-index"
checksum = "fb2d1b8f4548dbf5e1f7818512e9c406860678f29c300cdf0ebac72d1a3a1671"
dependencies = [
 "crossbeam-utils",
 "futures 0.1.29",
]

[[package]]
name = "unicode-xid"
version = "0.2.0"
source = "registry+https://github.com/rust-lang/crates.io-index"
checksum = "826e7639553986605ec5979c7dd957c7895e93eabed50ab2ffa7f6128a75097c"

[[package]]
name = "vcpkg"
version = "0.2.8"
source = "registry+https://github.com/rust-lang/crates.io-index"
checksum = "3fc439f2794e98976c88a2a2dafce96b930fe8010b0a256b3c2199a773933168"

[[package]]
name = "version_check"
version = "0.1.5"
source = "registry+https://github.com/rust-lang/crates.io-index"
checksum = "914b1a6776c4c929a602fafd8bc742e06365d4bcbe48c30f9cca5824f70dc9dd"

[[package]]
name = "walkdir"
version = "2.3.1"
source = "registry+https://github.com/rust-lang/crates.io-index"
checksum = "777182bc735b6424e1a57516d35ed72cb8019d85c8c9bf536dccb3445c1a2f7d"
dependencies = [
 "same-file",
 "winapi",
 "winapi-util",
]

[[package]]
name = "winapi"
version = "0.3.8"
source = "registry+https://github.com/rust-lang/crates.io-index"
checksum = "8093091eeb260906a183e6ae1abdba2ef5ef2257a21801128899c3fc699229c6"
dependencies = [
 "winapi-i686-pc-windows-gnu",
 "winapi-x86_64-pc-windows-gnu",
]

[[package]]
name = "winapi-i686-pc-windows-gnu"
version = "0.4.0"
source = "registry+https://github.com/rust-lang/crates.io-index"
checksum = "ac3b87c63620426dd9b991e5ce0329eff545bccbbb34f3be09ff6fb6ab51b7b6"

[[package]]
name = "winapi-util"
version = "0.1.5"
source = "registry+https://github.com/rust-lang/crates.io-index"
checksum = "70ec6ce85bb158151cae5e5c87f95a8e97d2c0c4b001223f33a334e3ce5de178"
dependencies = [
 "winapi",
]

[[package]]
name = "winapi-x86_64-pc-windows-gnu"
version = "0.4.0"
source = "registry+https://github.com/rust-lang/crates.io-index"
checksum = "712e227841d057c1ee1cd2fb22fa7e5a5461ae8e48fa2ca79ec42cfc1931183f"
